<?xml version="1.0" encoding="utf-8"?>
<Project ToolsVersion="4.0" xmlns="http://schemas.microsoft.com/developer/msbuild/2003">
  <ItemGroup>
    <Filter Include="Source Files">
      <UniqueIdentifier>{4FC737F1-C7A5-4376-A066-2A32D752A2FF}</UniqueIdentifier>
      <Extensions>cpp;c;cc;cxx;def;odl;idl;hpj;bat;asm;asmx</Extensions>
    </Filter>
    <Filter Include="Header Files">
      <UniqueIdentifier>{93995380-89BD-4b04-88EB-625FBE52EBFB}</UniqueIdentifier>
      <Extensions>h;hh;hpp;hxx;hm;inl;inc;ipp;xsd</Extensions>
    </Filter>
    <Filter Include="Resource Files">
      <UniqueIdentifier>{67DA6AB6-F800-4c08-8B7A-83BB121AAD01}</UniqueIdentifier>
      <Extensions>rc;ico;cur;bmp;dlg;rc2;rct;bin;rgs;gif;jpg;jpeg;jpe;resx;tiff;tif;png;wav;mfcribbon-ms</Extensions>
    </Filter>
    <Filter Include="PCH">
      <UniqueIdentifier>{65407bae-1075-4bdd-9dfd-acc5a636ec02}</UniqueIdentifier>
    </Filter>
    <Filter Include="Plugin">
      <UniqueIdentifier>{a1b543a5-c4b7-4cf1-8adf-c2f26cf59952}</UniqueIdentifier>
    </Filter>
    <Filter Include="Plugin\header">
      <UniqueIdentifier>{46d01869-81e6-496b-b2c1-aeeb13d6b983}</UniqueIdentifier>
    </Filter>
    <Filter Include="Plugin\src">
      <UniqueIdentifier>{33ae5c6a-718c-410e-bdb8-9c032f65c710}</UniqueIdentifier>
    </Filter>
    <Filter Include="Components">
      <UniqueIdentifier>{517c9071-7b88-4f83-836c-6b8e4db40607}</UniqueIdentifier>
    </Filter>
    <Filter Include="Components\Components">
      <UniqueIdentifier>{b70cb3a6-bd26-4a8d-a2d4-bebb5f9abdd4}</UniqueIdentifier>
    </Filter>
    <Filter Include="external">
      <UniqueIdentifier>{67d77dab-edf4-4437-a424-fa1e5e31f55c}</UniqueIdentifier>
    </Filter>
    <Filter Include="external\stb">
      <UniqueIdentifier>{acd13ee0-ef73-4056-af8b-6d574f1dab03}</UniqueIdentifier>
    </Filter>
    <Filter Include="RLSDK">
      <UniqueIdentifier>{7ad7fca6-7750-4159-aaab-10a655a9b0f9}</UniqueIdentifier>
    </Filter>
    <Filter Include="RLSDK\SDK_HEADERS">
      <UniqueIdentifier>{c0563aa0-ef1d-4622-bb46-9a05e724a968}</UniqueIdentifier>
    </Filter>
    <Filter Include="utils">
      <UniqueIdentifier>{c02d5a82-7786-46f8-b9e1-68ebeacd9bad}</UniqueIdentifier>
    </Filter>
    <Filter Include="utils\util">
      <UniqueIdentifier>{342d4b57-9708-46e5-ab0e-9d14b8e89767}</UniqueIdentifier>
    </Filter>
    <Filter Include="utils\gui">
      <UniqueIdentifier>{63df4c70-4e88-4491-bb9f-4c26d28cca61}</UniqueIdentifier>
    </Filter>
    <Filter Include="IMGUI">
      <UniqueIdentifier>{94b12306-1342-431e-8689-6994b91adefa}</UniqueIdentifier>
    </Filter>
  </ItemGroup>
  <ItemGroup>
    <ClCompile Include="pch.cpp">
      <Filter>PCH</Filter>
    </ClCompile>
    <ClCompile Include="CustomBallOnline.cpp">
      <Filter>Plugin\src</Filter>
    </ClCompile>
    <ClCompile Include="GuiBase.cpp">
      <Filter>Plugin\src</Filter>
    </ClCompile>
    <ClCompile Include="Settings.cpp">
      <Filter>Plugin\src</Filter>
    </ClCompile>
    <ClCompile Include="Components\Components\Instances.cpp">
      <Filter>Components\Components</Filter>
    </ClCompile>
    <ClCompile Include="Components\Components\Textures.cpp">
      <Filter>Components\Components</Filter>
    </ClCompile>
    <ClCompile Include="Events.cpp">
      <Filter>Plugin\src</Filter>
    </ClCompile>
    <ClCompile Include="Commands.cpp">
      <Filter>Plugin\src</Filter>
    </ClCompile>
    <ClCompile Include="RegisterCvars.cpp">
      <Filter>Plugin\src</Filter>
    </ClCompile>
    <ClCompile Include="CvarChangedCallbacks.cpp">
      <Filter>Plugin\src</Filter>
    </ClCompile>
    <ClCompile Include="Functions.cpp">
      <Filter>Plugin\src</Filter>
    </ClCompile>
    <ClCompile Include="..\external\RLSDK\RLSDK_w_pch_includes\GameDefines.cpp">
      <Filter>RLSDK</Filter>
    </ClCompile>
    <ClCompile Include="..\external\RLSDK\RLSDK_w_pch_includes\SDK_HEADERS\AkAudio_classes.cpp">
      <Filter>RLSDK\SDK_HEADERS</Filter>
    </ClCompile>
    <ClCompile Include="..\external\RLSDK\RLSDK_w_pch_includes\SDK_HEADERS\Core_classes.cpp">
      <Filter>RLSDK\SDK_HEADERS</Filter>
    </ClCompile>
    <ClCompile Include="..\external\RLSDK\RLSDK_w_pch_includes\SDK_HEADERS\Engine_classes.cpp">
      <Filter>RLSDK\SDK_HEADERS</Filter>
    </ClCompile>
    <ClCompile Include="..\external\RLSDK\RLSDK_w_pch_includes\SDK_HEADERS\GFxUI_classes.cpp">
      <Filter>RLSDK\SDK_HEADERS</Filter>
    </ClCompile>
    <ClCompile Include="..\external\RLSDK\RLSDK_w_pch_includes\SDK_HEADERS\IpDrv_classes.cpp">
      <Filter>RLSDK\SDK_HEADERS</Filter>
    </ClCompile>
    <ClCompile Include="..\external\RLSDK\RLSDK_w_pch_includes\SDK_HEADERS\OnlineSubsystemEOS_classes.cpp">
      <Filter>RLSDK\SDK_HEADERS</Filter>
    </ClCompile>
    <ClCompile Include="..\external\RLSDK\RLSDK_w_pch_includes\SDK_HEADERS\ProjectX_classes.cpp">
      <Filter>RLSDK\SDK_HEADERS</Filter>
    </ClCompile>
    <ClCompile Include="..\external\RLSDK\RLSDK_w_pch_includes\SDK_HEADERS\TAGame_classes.cpp">
      <Filter>RLSDK\SDK_HEADERS</Filter>
    </ClCompile>
    <ClCompile Include="..\external\RLSDK\RLSDK_w_pch_includes\SDK_HEADERS\WinDrv_classes.cpp">
      <Filter>RLSDK\SDK_HEADERS</Filter>
    </ClCompile>
    <ClCompile Include="..\external\RLSDK\RLSDK_w_pch_includes\SDK_HEADERS\XAudio2_classes.cpp">
      <Filter>RLSDK\SDK_HEADERS</Filter>
    </ClCompile>
    <ClCompile Include="..\external\ModUtils\gui\GuiTools.cpp">
      <Filter>utils\gui</Filter>
    </ClCompile>
    <ClCompile Include="..\external\ModUtils\util\Utils.cpp">
      <Filter>utils\util</Filter>
    </ClCompile>
    <ClCompile Include="..\external\BakkesmodPluginTemplate\IMGUI\imgui.cpp">
      <Filter>IMGUI</Filter>
    </ClCompile>
    <ClCompile Include="..\external\BakkesmodPluginTemplate\IMGUI\imgui_additions.cpp">
      <Filter>IMGUI</Filter>
    </ClCompile>
    <ClCompile Include="..\external\BakkesmodPluginTemplate\IMGUI\imgui_demo.cpp">
      <Filter>IMGUI</Filter>
    </ClCompile>
    <ClCompile Include="..\external\BakkesmodPluginTemplate\IMGUI\imgui_draw.cpp">
      <Filter>IMGUI</Filter>
    </ClCompile>
    <ClCompile Include="..\external\BakkesmodPluginTemplate\IMGUI\imgui_impl_dx11.cpp">
      <Filter>IMGUI</Filter>
    </ClCompile>
    <ClCompile Include="..\external\BakkesmodPluginTemplate\IMGUI\imgui_impl_win32.cpp">
      <Filter>IMGUI</Filter>
    </ClCompile>
    <ClCompile Include="..\external\BakkesmodPluginTemplate\IMGUI\imgui_rangeslider.cpp">
      <Filter>IMGUI</Filter>
    </ClCompile>
    <ClCompile Include="..\external\BakkesmodPluginTemplate\IMGUI\imgui_searchablecombo.cpp">
      <Filter>IMGUI</Filter>
    </ClCompile>
    <ClCompile Include="..\external\BakkesmodPluginTemplate\IMGUI\imgui_stdlib.cpp">
      <Filter>IMGUI</Filter>
    </ClCompile>
    <ClCompile Include="..\external\BakkesmodPluginTemplate\IMGUI\imgui_timeline.cpp">
      <Filter>IMGUI</Filter>
    </ClCompile>
    <ClCompile Include="..\external\BakkesmodPluginTemplate\IMGUI\imgui_widgets.cpp">
      <Filter>IMGUI</Filter>
    </ClCompile>
    <ClCompile Include="..\external\BakkesmodPluginTemplate\IMGUI\imguivariouscontrols.cpp">
      <Filter>IMGUI</Filter>
    </ClCompile>
    <ClCompile Include="..\external\RLSDK\RLSDK_w_pch_includes\SDK_HEADERS\Extras.cpp">
      <Filter>RLSDK\SDK_HEADERS</Filter>
    </ClCompile>
  </ItemGroup>
  <ItemGroup>
    <ClInclude Include="version.h">
      <Filter>Header Files</Filter>
    </ClInclude>
    <ClInclude Include="pch.h">
      <Filter>PCH</Filter>
    </ClInclude>
    <ClInclude Include="CustomBallOnline.h">
      <Filter>Plugin\header</Filter>
    </ClInclude>
    <ClInclude Include="logging.h">
      <Filter>Plugin\header</Filter>
    </ClInclude>
    <ClInclude Include="GuiBase.h">
      <Filter>Plugin\header</Filter>
    </ClInclude>
    <ClInclude Include="Components\Includes.hpp">
      <Filter>Components</Filter>
    </ClInclude>
    <ClInclude Include="Components\Components\Instances.hpp">
      <Filter>Components\Components</Filter>
    </ClInclude>
    <ClInclude Include="Components\Components\Textures.hpp">
      <Filter>Components\Components</Filter>
    </ClInclude>
    <ClInclude Include="Cvars.hpp">
      <Filter>Plugin\header</Filter>
    </ClInclude>
    <ClInclude Include="Events.hpp">
      <Filter>Plugin\header</Filter>
    </ClInclude>
    <ClInclude Include="Macros.hpp">
      <Filter>Plugin\header</Filter>
    </ClInclude>
    <ClInclude Include="external\stb\stb_image.h">
      <Filter>external\stb</Filter>
    </ClInclude>
    <ClInclude Include="..\external\RLSDK\RLSDK_w_pch_includes\GameDefines.hpp">
      <Filter>RLSDK</Filter>
    </ClInclude>
    <ClInclude Include="..\external\RLSDK\RLSDK_w_pch_includes\SdkHeaders.hpp">
      <Filter>RLSDK</Filter>
    </ClInclude>
    <ClInclude Include="..\external\RLSDK\RLSDK_w_pch_includes\SDK_HEADERS\AkAudio_classes.hpp">
      <Filter>RLSDK\SDK_HEADERS</Filter>
    </ClInclude>
    <ClInclude Include="..\external\RLSDK\RLSDK_w_pch_includes\SDK_HEADERS\AkAudio_parameters.hpp">
      <Filter>RLSDK\SDK_HEADERS</Filter>
    </ClInclude>
    <ClInclude Include="..\external\RLSDK\RLSDK_w_pch_includes\SDK_HEADERS\AkAudio_structs.hpp">
      <Filter>RLSDK\SDK_HEADERS</Filter>
    </ClInclude>
    <ClInclude Include="..\external\RLSDK\RLSDK_w_pch_includes\SDK_HEADERS\Core_classes.hpp">
      <Filter>RLSDK\SDK_HEADERS</Filter>
    </ClInclude>
    <ClInclude Include="..\external\RLSDK\RLSDK_w_pch_includes\SDK_HEADERS\Core_parameters.hpp">
      <Filter>RLSDK\SDK_HEADERS</Filter>
    </ClInclude>
    <ClInclude Include="..\external\RLSDK\RLSDK_w_pch_includes\SDK_HEADERS\Core_structs.hpp">
      <Filter>RLSDK\SDK_HEADERS</Filter>
    </ClInclude>
    <ClInclude Include="..\external\RLSDK\RLSDK_w_pch_includes\SDK_HEADERS\Engine_classes.hpp">
      <Filter>RLSDK\SDK_HEADERS</Filter>
    </ClInclude>
    <ClInclude Include="..\external\RLSDK\RLSDK_w_pch_includes\SDK_HEADERS\Engine_parameters.hpp">
      <Filter>RLSDK\SDK_HEADERS</Filter>
    </ClInclude>
    <ClInclude Include="..\external\RLSDK\RLSDK_w_pch_includes\SDK_HEADERS\Engine_structs.hpp">
      <Filter>RLSDK\SDK_HEADERS</Filter>
    </ClInclude>
    <ClInclude Include="..\external\RLSDK\RLSDK_w_pch_includes\SDK_HEADERS\GFxUI_classes.hpp">
      <Filter>RLSDK\SDK_HEADERS</Filter>
    </ClInclude>
    <ClInclude Include="..\external\RLSDK\RLSDK_w_pch_includes\SDK_HEADERS\GFxUI_parameters.hpp">
      <Filter>RLSDK\SDK_HEADERS</Filter>
    </ClInclude>
    <ClInclude Include="..\external\RLSDK\RLSDK_w_pch_includes\SDK_HEADERS\GFxUI_structs.hpp">
      <Filter>RLSDK\SDK_HEADERS</Filter>
    </ClInclude>
    <ClInclude Include="..\external\RLSDK\RLSDK_w_pch_includes\SDK_HEADERS\IpDrv_classes.hpp">
      <Filter>RLSDK\SDK_HEADERS</Filter>
    </ClInclude>
    <ClInclude Include="..\external\RLSDK\RLSDK_w_pch_includes\SDK_HEADERS\IpDrv_parameters.hpp">
      <Filter>RLSDK\SDK_HEADERS</Filter>
    </ClInclude>
    <ClInclude Include="..\external\RLSDK\RLSDK_w_pch_includes\SDK_HEADERS\IpDrv_structs.hpp">
      <Filter>RLSDK\SDK_HEADERS</Filter>
    </ClInclude>
    <ClInclude Include="..\external\RLSDK\RLSDK_w_pch_includes\SDK_HEADERS\OnlineSubsystemEOS_classes.hpp">
      <Filter>RLSDK\SDK_HEADERS</Filter>
    </ClInclude>
    <ClInclude Include="..\external\RLSDK\RLSDK_w_pch_includes\SDK_HEADERS\OnlineSubsystemEOS_parameters.hpp">
      <Filter>RLSDK\SDK_HEADERS</Filter>
    </ClInclude>
    <ClInclude Include="..\external\RLSDK\RLSDK_w_pch_includes\SDK_HEADERS\OnlineSubsystemEOS_structs.hpp">
      <Filter>RLSDK\SDK_HEADERS</Filter>
    </ClInclude>
    <ClInclude Include="..\external\RLSDK\RLSDK_w_pch_includes\SDK_HEADERS\ProjectX_classes.hpp">
      <Filter>RLSDK\SDK_HEADERS</Filter>
    </ClInclude>
    <ClInclude Include="..\external\RLSDK\RLSDK_w_pch_includes\SDK_HEADERS\ProjectX_parameters.hpp">
      <Filter>RLSDK\SDK_HEADERS</Filter>
    </ClInclude>
    <ClInclude Include="..\external\RLSDK\RLSDK_w_pch_includes\SDK_HEADERS\ProjectX_structs.hpp">
      <Filter>RLSDK\SDK_HEADERS</Filter>
    </ClInclude>
    <ClInclude Include="..\external\RLSDK\RLSDK_w_pch_includes\SDK_HEADERS\TAGame_classes.hpp">
      <Filter>RLSDK\SDK_HEADERS</Filter>
    </ClInclude>
    <ClInclude Include="..\external\RLSDK\RLSDK_w_pch_includes\SDK_HEADERS\TAGame_parameters.hpp">
      <Filter>RLSDK\SDK_HEADERS</Filter>
    </ClInclude>
    <ClInclude Include="..\external\RLSDK\RLSDK_w_pch_includes\SDK_HEADERS\TAGame_structs.hpp">
      <Filter>RLSDK\SDK_HEADERS</Filter>
    </ClInclude>
    <ClInclude Include="..\external\RLSDK\RLSDK_w_pch_includes\SDK_HEADERS\WinDrv_classes.hpp">
      <Filter>RLSDK\SDK_HEADERS</Filter>
    </ClInclude>
    <ClInclude Include="..\external\RLSDK\RLSDK_w_pch_includes\SDK_HEADERS\WinDrv_parameters.hpp">
      <Filter>RLSDK\SDK_HEADERS</Filter>
    </ClInclude>
    <ClInclude Include="..\external\RLSDK\RLSDK_w_pch_includes\SDK_HEADERS\WinDrv_structs.hpp">
      <Filter>RLSDK\SDK_HEADERS</Filter>
    </ClInclude>
    <ClInclude Include="..\external\RLSDK\RLSDK_w_pch_includes\SDK_HEADERS\XAudio2_classes.hpp">
      <Filter>RLSDK\SDK_HEADERS</Filter>
    </ClInclude>
    <ClInclude Include="..\external\RLSDK\RLSDK_w_pch_includes\SDK_HEADERS\XAudio2_parameters.hpp">
      <Filter>RLSDK\SDK_HEADERS</Filter>
    </ClInclude>
    <ClInclude Include="..\external\RLSDK\RLSDK_w_pch_includes\SDK_HEADERS\XAudio2_structs.hpp">
      <Filter>RLSDK\SDK_HEADERS</Filter>
    </ClInclude>
    <ClInclude Include="..\external\ModUtils\includes.hpp">
      <Filter>utils</Filter>
    </ClInclude>
    <ClInclude Include="..\external\ModUtils\gui\GuiTools.hpp">
      <Filter>utils\gui</Filter>
    </ClInclude>
    <ClInclude Include="..\external\ModUtils\util\Utils.hpp">
      <Filter>utils\util</Filter>
    </ClInclude>
    <ClInclude Include="..\external\BakkesmodPluginTemplate\IMGUI\imconfig.h">
      <Filter>IMGUI</Filter>
    </ClInclude>
    <ClInclude Include="..\external\BakkesmodPluginTemplate\IMGUI\imgui.h">
      <Filter>IMGUI</Filter>
    </ClInclude>
    <ClInclude Include="..\external\BakkesmodPluginTemplate\IMGUI\imgui_additions.h">
      <Filter>IMGUI</Filter>
    </ClInclude>
    <ClInclude Include="..\external\BakkesmodPluginTemplate\IMGUI\imgui_impl_dx11.h">
      <Filter>IMGUI</Filter>
    </ClInclude>
    <ClInclude Include="..\external\BakkesmodPluginTemplate\IMGUI\imgui_impl_win32.h">
      <Filter>IMGUI</Filter>
    </ClInclude>
    <ClInclude Include="..\external\BakkesmodPluginTemplate\IMGUI\imgui_internal.h">
      <Filter>IMGUI</Filter>
    </ClInclude>
    <ClInclude Include="..\external\BakkesmodPluginTemplate\IMGUI\imgui_rangeslider.h">
      <Filter>IMGUI</Filter>
    </ClInclude>
    <ClInclude Include="..\external\BakkesmodPluginTemplate\IMGUI\imgui_searchablecombo.h">
      <Filter>IMGUI</Filter>
    </ClInclude>
    <ClInclude Include="..\external\BakkesmodPluginTemplate\IMGUI\imgui_stdlib.h">
      <Filter>IMGUI</Filter>
    </ClInclude>
    <ClInclude Include="..\external\BakkesmodPluginTemplate\IMGUI\imgui_timeline.h">
      <Filter>IMGUI</Filter>
    </ClInclude>
    <ClInclude Include="..\external\BakkesmodPluginTemplate\IMGUI\imguivariouscontrols.h">
      <Filter>IMGUI</Filter>
    </ClInclude>
    <ClInclude Include="..\external\BakkesmodPluginTemplate\IMGUI\imstb_rectpack.h">
      <Filter>IMGUI</Filter>
    </ClInclude>
    <ClInclude Include="..\external\BakkesmodPluginTemplate\IMGUI\imstb_textedit.h">
      <Filter>IMGUI</Filter>
    </ClInclude>
    <ClInclude Include="..\external\BakkesmodPluginTemplate\IMGUI\imstb_truetype.h">
      <Filter>IMGUI</Filter>
    </ClInclude>
    <ClInclude Include="Components\Components\Component.hpp">
      <Filter>Components\Components</Filter>
    </ClInclude>
    <ClInclude Include="..\external\RLSDK\RLSDK_w_pch_includes\SDK_HEADERS\Extras.hpp">
      <Filter>RLSDK\SDK_HEADERS</Filter>
    </ClInclude>
  </ItemGroup>
  <ItemGroup>
    <ResourceCompile Include="CustomBallOnline.rc">
      <Filter>Resource Files</Filter>
    </ResourceCompile>
  </ItemGroup>
</Project>